// !$*UTF8*$!
{
	archiveVersion = 1;
	classes = {
	};
	objectVersion = 51;
	objects = {

/* Begin PBXBuildFile section */
		B1CEA3B55190F8C7722FC588 /* Pods_PressIt.framework in Frameworks */ = {isa = PBXBuildFile; fileRef = C5D38F1FB436EDCB3E1550E7 /* Pods_PressIt.framework */; };
		D80234BF2393F07A00D0B152 /* AppDelegate.swift in Sources */ = {isa = PBXBuildFile; fileRef = D80234BE2393F07A00D0B152 /* AppDelegate.swift */; };
		D80234C12393F07A00D0B152 /* SceneDelegate.swift in Sources */ = {isa = PBXBuildFile; fileRef = D80234C02393F07A00D0B152 /* SceneDelegate.swift */; };
		D80234C32393F07A00D0B152 /* VC_ClassicGame.swift in Sources */ = {isa = PBXBuildFile; fileRef = D80234C22393F07A00D0B152 /* VC_ClassicGame.swift */; };
		D80234C82393F07B00D0B152 /* Assets.xcassets in Resources */ = {isa = PBXBuildFile; fileRef = D80234C72393F07B00D0B152 /* Assets.xcassets */; };
		D80234CB2393F07B00D0B152 /* LaunchScreen.storyboard in Resources */ = {isa = PBXBuildFile; fileRef = D80234C92393F07B00D0B152 /* LaunchScreen.storyboard */; };
		D80234D62393F07B00D0B152 /* PressItTests.swift in Sources */ = {isa = PBXBuildFile; fileRef = D80234D52393F07B00D0B152 /* PressItTests.swift */; };
		D80234E12393F07B00D0B152 /* PressItUITests.swift in Sources */ = {isa = PBXBuildFile; fileRef = D80234E02393F07B00D0B152 /* PressItUITests.swift */; };
		D80234F123941C8E00D0B152 /* Tap_Circle.png in Resources */ = {isa = PBXBuildFile; fileRef = D80234F023941C8E00D0B152 /* Tap_Circle.png */; };
		D80234F82395008300D0B152 /* Main.storyboard in Resources */ = {isa = PBXBuildFile; fileRef = D80234F62395008300D0B152 /* Main.storyboard */; };
		D80234FA23950F1200D0B152 /* UI_Extensions.swift in Sources */ = {isa = PBXBuildFile; fileRef = D80234F923950F1200D0B152 /* UI_Extensions.swift */; };
		D80235002395308E00D0B152 /* VC_Main.swift in Sources */ = {isa = PBXBuildFile; fileRef = D80234FF2395308E00D0B152 /* VC_Main.swift */; };
		D8023529239543D200D0B152 /* logo_40.png in Resources */ = {isa = PBXBuildFile; fileRef = D8023522239543D200D0B152 /* logo_40.png */; };
		D802352A239543D200D0B152 /* logo_58.png in Resources */ = {isa = PBXBuildFile; fileRef = D8023523239543D200D0B152 /* logo_58.png */; };
		D802352C239543D200D0B152 /* logo_87.png in Resources */ = {isa = PBXBuildFile; fileRef = D8023525239543D200D0B152 /* logo_87.png */; };
		D802352E239543D200D0B152 /* logo_60.png in Resources */ = {isa = PBXBuildFile; fileRef = D8023527239543D200D0B152 /* logo_60.png */; };
		D802352F239543D200D0B152 /* logo_80.png in Resources */ = {isa = PBXBuildFile; fileRef = D8023528239543D200D0B152 /* logo_80.png */; };
		D80235372395449200D0B152 /* Logo_TabIt.png in Resources */ = {isa = PBXBuildFile; fileRef = D80235362395449200D0B152 /* Logo_TabIt.png */; };
		D80235532395942B00D0B152 /* ClassicGame.swift in Sources */ = {isa = PBXBuildFile; fileRef = D80235522395942B00D0B152 /* ClassicGame.swift */; };
		D802630923A40CBC002AFE1B /* ServerConversation.swift in Sources */ = {isa = PBXBuildFile; fileRef = D802630823A40CBC002AFE1B /* ServerConversation.swift */; };
		D802630B23A40F79002AFE1B /* Source in Resources */ = {isa = PBXBuildFile; fileRef = D802630A23A40F79002AFE1B /* Source */; };
		D80E99F323CD2DCC00AE2706 /* Player.swift in Sources */ = {isa = PBXBuildFile; fileRef = D80E99F223CD2DCC00AE2706 /* Player.swift */; };
		D80E99F623CD2E7900AE2706 /* Room.swift in Sources */ = {isa = PBXBuildFile; fileRef = D80E99F523CD2E7900AE2706 /* Room.swift */; };
		D818252923EDD4C30015010C /* bkg_music.mp3 in Resources */ = {isa = PBXBuildFile; fileRef = D818252823EDD4C30015010C /* bkg_music.mp3 */; };
		D818252C23EDD9140015010C /* sound_off.png in Resources */ = {isa = PBXBuildFile; fileRef = D818252A23EDD9140015010C /* sound_off.png */; };
		D818252D23EDD9140015010C /* sound_on.png in Resources */ = {isa = PBXBuildFile; fileRef = D818252B23EDD9140015010C /* sound_on.png */; };
		D823FF4B23AD8A2900CEEFE4 /* VC_MP_JoinGroup.swift in Sources */ = {isa = PBXBuildFile; fileRef = D823FF4A23AD8A2900CEEFE4 /* VC_MP_JoinGroup.swift */; };
		D823FF4D23AE0F6E00CEEFE4 /* VC_MP_Game.swift in Sources */ = {isa = PBXBuildFile; fileRef = D823FF4C23AE0F6E00CEEFE4 /* VC_MP_Game.swift */; };
		D82E473B23D4FBC900731F52 /* bkg_game.png in Resources */ = {isa = PBXBuildFile; fileRef = D82E473A23D4FBC900731F52 /* bkg_game.png */; };
		D82E473D23D50D0A00731F52 /* CircularProgressView.swift in Sources */ = {isa = PBXBuildFile; fileRef = D82E473C23D50D0A00731F52 /* CircularProgressView.swift */; };
		D82F05A223D0F1620050B0D3 /* UI.swift in Sources */ = {isa = PBXBuildFile; fileRef = D82F05A123D0F1620050B0D3 /* UI.swift */; };
		D841066023A96F5E000E3582 /* tap_it_bkg.png in Resources */ = {isa = PBXBuildFile; fileRef = D841065E23A96F5E000E3582 /* tap_it_bkg.png */; };
		D841066823A97198000E3582 /* back_icon.png in Resources */ = {isa = PBXBuildFile; fileRef = D841066723A97198000E3582 /* back_icon.png */; };
		D841066E23A97317000E3582 /* fuck_bkg.png in Resources */ = {isa = PBXBuildFile; fileRef = D841066D23A97317000E3582 /* fuck_bkg.png */; };
		D841067023A9756F000E3582 /* tap_new_circle.png in Resources */ = {isa = PBXBuildFile; fileRef = D841066F23A9756F000E3582 /* tap_new_circle.png */; };
		D841067423A97858000E3582 /* circle_tap_new in Resources */ = {isa = PBXBuildFile; fileRef = D841067323A97858000E3582 /* circle_tap_new */; };
		D841068323A97ACD000E3582 /* Roboto-Black.ttf in Resources */ = {isa = PBXBuildFile; fileRef = D841067623A97ACD000E3582 /* Roboto-Black.ttf */; };
		D841068423A97ACD000E3582 /* Roboto-Thin.ttf in Resources */ = {isa = PBXBuildFile; fileRef = D841067723A97ACD000E3582 /* Roboto-Thin.ttf */; };
		D841068523A97ACD000E3582 /* Roboto-Medium.ttf in Resources */ = {isa = PBXBuildFile; fileRef = D841067823A97ACD000E3582 /* Roboto-Medium.ttf */; };
		D841068623A97ACD000E3582 /* Roboto-LightItalic.ttf in Resources */ = {isa = PBXBuildFile; fileRef = D841067923A97ACD000E3582 /* Roboto-LightItalic.ttf */; };
		D841068723A97ACD000E3582 /* Roboto-MediumItalic.ttf in Resources */ = {isa = PBXBuildFile; fileRef = D841067A23A97ACD000E3582 /* Roboto-MediumItalic.ttf */; };
		D841068823A97ACD000E3582 /* Roboto-BlackItalic.ttf in Resources */ = {isa = PBXBuildFile; fileRef = D841067B23A97ACD000E3582 /* Roboto-BlackItalic.ttf */; };
		D841068923A97ACD000E3582 /* Roboto-BoldItalic.ttf in Resources */ = {isa = PBXBuildFile; fileRef = D841067C23A97ACD000E3582 /* Roboto-BoldItalic.ttf */; };
		D841068A23A97ACD000E3582 /* Roboto-Bold.ttf in Resources */ = {isa = PBXBuildFile; fileRef = D841067D23A97ACD000E3582 /* Roboto-Bold.ttf */; };
		D841068B23A97ACD000E3582 /* Roboto-Italic.ttf in Resources */ = {isa = PBXBuildFile; fileRef = D841067E23A97ACD000E3582 /* Roboto-Italic.ttf */; };
		D841068C23A97ACD000E3582 /* Roboto-Light.ttf in Resources */ = {isa = PBXBuildFile; fileRef = D841067F23A97ACD000E3582 /* Roboto-Light.ttf */; };
		D841068E23A97ACD000E3582 /* Roboto-Regular.ttf in Resources */ = {isa = PBXBuildFile; fileRef = D841068123A97ACD000E3582 /* Roboto-Regular.ttf */; };
		D841068F23A97ACD000E3582 /* Roboto-ThinItalic.ttf in Resources */ = {isa = PBXBuildFile; fileRef = D841068223A97ACD000E3582 /* Roboto-ThinItalic.ttf */; };
		D841069123A97D50000E3582 /* menu_btn.png in Resources */ = {isa = PBXBuildFile; fileRef = D841069023A97D50000E3582 /* menu_btn.png */; };
		D841069323A97DD0000E3582 /* btn_menu.png in Resources */ = {isa = PBXBuildFile; fileRef = D841069223A97DD0000E3582 /* btn_menu.png */; };
		D841069523A98400000E3582 /* btn_back_ico.png in Resources */ = {isa = PBXBuildFile; fileRef = D841069423A98400000E3582 /* btn_back_ico.png */; };
		D84D087223D7B1F600135D5C /* btn_arcade.png in Resources */ = {isa = PBXBuildFile; fileRef = D84D086A23D7B1F600135D5C /* btn_arcade.png */; };
		D84D088623D831F000135D5C /* btn_open.png in Resources */ = {isa = PBXBuildFile; fileRef = D84D088023D831EF00135D5C /* btn_open.png */; };
		D84D088723D831F000135D5C /* btn_classic.png in Resources */ = {isa = PBXBuildFile; fileRef = D84D088123D831EF00135D5C /* btn_classic.png */; };
		D84D088823D831F000135D5C /* btn_join.png in Resources */ = {isa = PBXBuildFile; fileRef = D84D088223D831F000135D5C /* btn_join.png */; };
		D84D088923D831F000135D5C /* btn_host.png in Resources */ = {isa = PBXBuildFile; fileRef = D84D088323D831F000135D5C /* btn_host.png */; };
		D84D088A23D831F000135D5C /* btn_multiplayer.png in Resources */ = {isa = PBXBuildFile; fileRef = D84D088423D831F000135D5C /* btn_multiplayer.png */; };
		D84D088B23D831F000135D5C /* btn_start.png in Resources */ = {isa = PBXBuildFile; fileRef = D84D088523D831F000135D5C /* btn_start.png */; };
		D85B493523CB290E00AD6569 /* logo_text.png in Resources */ = {isa = PBXBuildFile; fileRef = D85B493423CB290E00AD6569 /* logo_text.png */; };
		D85B493923CB2A8F00AD6569 /* coin_game.png in Resources */ = {isa = PBXBuildFile; fileRef = D85B493823CB2A8E00AD6569 /* coin_game.png */; };
		D85B494123CB893600AD6569 /* lvl_bar_full.png in Resources */ = {isa = PBXBuildFile; fileRef = D85B493A23CB893500AD6569 /* lvl_bar_full.png */; };
		D85B494523CB893600AD6569 /* lvl_bar.png in Resources */ = {isa = PBXBuildFile; fileRef = D85B493E23CB893500AD6569 /* lvl_bar.png */; };
		D85B494623CB893600AD6569 /* btn_more.png in Resources */ = {isa = PBXBuildFile; fileRef = D85B493F23CB893500AD6569 /* btn_more.png */; };
		D85B494A23CB921500AD6569 /* avatar_jetpack.png in Resources */ = {isa = PBXBuildFile; fileRef = D85B494923CB921400AD6569 /* avatar_jetpack.png */; };
		D86FC59323DCF5D70040135D /* bkg_iphone10.png in Resources */ = {isa = PBXBuildFile; fileRef = D86FC59223DCF5D70040135D /* bkg_iphone10.png */; };
		D86FC59523DCF7D70040135D /* Logo_TabIt_Launch.png in Resources */ = {isa = PBXBuildFile; fileRef = D86FC59423DCF7D70040135D /* Logo_TabIt_Launch.png */; };
		D881CE4823DB1078004EFC3E /* bkg_game_iphone10.png in Resources */ = {isa = PBXBuildFile; fileRef = D881CE4723DB1078004EFC3E /* bkg_game_iphone10.png */; };
		D88DA10923AF956100D6D9CF /* btn_pause_green.png in Resources */ = {isa = PBXBuildFile; fileRef = D88DA10823AF956100D6D9CF /* btn_pause_green.png */; };
		D88DA10B23B00EF800D6D9CF /* btn_resume_green.png in Resources */ = {isa = PBXBuildFile; fileRef = D88DA10A23B00EF800D6D9CF /* btn_resume_green.png */; };
		D88DA10D23B0C60700D6D9CF /* VC_MP_Menu.swift in Sources */ = {isa = PBXBuildFile; fileRef = D88DA10C23B0C60700D6D9CF /* VC_MP_Menu.swift */; };
		D89A4D4123E4B14A005DB728 /* bkg.png in Resources */ = {isa = PBXBuildFile; fileRef = D89A4D4023E4B14A005DB728 /* bkg.png */; };
		D89A4D4D23E4B597005DB728 /* password_ico.png in Resources */ = {isa = PBXBuildFile; fileRef = D89A4D4B23E4B597005DB728 /* password_ico.png */; };
		D89A4D5723E4B9E3005DB728 /* user_ico.png in Resources */ = {isa = PBXBuildFile; fileRef = D89A4D5623E4B9E3005DB728 /* user_ico.png */; };
		D89A4D5923E4BB12005DB728 /* VC_Signup.swift in Sources */ = {isa = PBXBuildFile; fileRef = D89A4D5823E4BB12005DB728 /* VC_Signup.swift */; };
		D89A4D5B23E4BCBE005DB728 /* email_ico.png in Resources */ = {isa = PBXBuildFile; fileRef = D89A4D5A23E4BCBE005DB728 /* email_ico.png */; };
		D8B34BFC2396897E008B6DF3 /* VC_ClassicMenu.swift in Sources */ = {isa = PBXBuildFile; fileRef = D8B34BFB2396897E008B6DF3 /* VC_ClassicMenu.swift */; };
		D8B34BFE23969288008B6DF3 /* VC_LBGame.swift in Sources */ = {isa = PBXBuildFile; fileRef = D8B34BFD23969288008B6DF3 /* VC_LBGame.swift */; };
		D8B34C032396C8B7008B6DF3 /* btn_Resume.png in Resources */ = {isa = PBXBuildFile; fileRef = D8B34C002396C8B6008B6DF3 /* btn_Resume.png */; };
		D8B34C042396C8B7008B6DF3 /* btn_Pause.png in Resources */ = {isa = PBXBuildFile; fileRef = D8B34C012396C8B6008B6DF3 /* btn_Pause.png */; };
		D8B34C082396CAE5008B6DF3 /* ArcadeGame.swift in Sources */ = {isa = PBXBuildFile; fileRef = D8B34C072396CAE5008B6DF3 /* ArcadeGame.swift */; };
		D8B34C0A2396CB2A008B6DF3 /* VC_ArcadeGame.swift in Sources */ = {isa = PBXBuildFile; fileRef = D8B34C092396CB2A008B6DF3 /* VC_ArcadeGame.swift */; };
		D8CDBEB923D5C817000BDF64 /* SegueFromLeft.swift in Sources */ = {isa = PBXBuildFile; fileRef = D8CDBEB823D5C817000BDF64 /* SegueFromLeft.swift */; };
		D8CDBEBB23D5C8DD000BDF64 /* SegueFromRight.swift in Sources */ = {isa = PBXBuildFile; fileRef = D8CDBEBA23D5C8DD000BDF64 /* SegueFromRight.swift */; };
		D8CDBEBD23D62D0F000BDF64 /* btn_startover.png in Resources */ = {isa = PBXBuildFile; fileRef = D8CDBEBC23D62D0F000BDF64 /* btn_startover.png */; };
		D8D336AE23A9F58A002A3FE7 /* Seravek-BoldItalic.ttf in Resources */ = {isa = PBXBuildFile; fileRef = D8D336A423A9F58A002A3FE7 /* Seravek-BoldItalic.ttf */; };
		D8D336AF23A9F58A002A3FE7 /* Seravek-ExtraLightItalic.ttf in Resources */ = {isa = PBXBuildFile; fileRef = D8D336A523A9F58A002A3FE7 /* Seravek-ExtraLightItalic.ttf */; };
		D8D336B023A9F58A002A3FE7 /* Seravek-MediumItalic.ttf in Resources */ = {isa = PBXBuildFile; fileRef = D8D336A623A9F58A002A3FE7 /* Seravek-MediumItalic.ttf */; };
		D8D336B123A9F58A002A3FE7 /* Seravek-LightItalic.ttf in Resources */ = {isa = PBXBuildFile; fileRef = D8D336A723A9F58A002A3FE7 /* Seravek-LightItalic.ttf */; };
		D8D336B223A9F58A002A3FE7 /* Seravek-Medium.ttf in Resources */ = {isa = PBXBuildFile; fileRef = D8D336A823A9F58A002A3FE7 /* Seravek-Medium.ttf */; };
		D8D336B323A9F58A002A3FE7 /* Seravek-Bold.ttf in Resources */ = {isa = PBXBuildFile; fileRef = D8D336A923A9F58A002A3FE7 /* Seravek-Bold.ttf */; };
		D8D336B423A9F58A002A3FE7 /* Seravek-Italic.ttf in Resources */ = {isa = PBXBuildFile; fileRef = D8D336AA23A9F58A002A3FE7 /* Seravek-Italic.ttf */; };
		D8D336B623A9F58A002A3FE7 /* Seravek-Light.ttf in Resources */ = {isa = PBXBuildFile; fileRef = D8D336AC23A9F58A002A3FE7 /* Seravek-Light.ttf */; };
		D8D336B723A9F58A002A3FE7 /* Seravek-ExtraLight.ttf in Resources */ = {isa = PBXBuildFile; fileRef = D8D336AD23A9F58A002A3FE7 /* Seravek-ExtraLight.ttf */; };
		D8D336B823A9F697002A3FE7 /* Seravek.ttf in Resources */ = {isa = PBXBuildFile; fileRef = D8D336AB23A9F58A002A3FE7 /* Seravek.ttf */; };
		D8D3449423DB198900FA5704 /* VC_Login.swift in Sources */ = {isa = PBXBuildFile; fileRef = D8D3449323DB198900FA5704 /* VC_Login.swift */; };
		D8D3449B23DB219800FA5704 /* btn_signup.png in Resources */ = {isa = PBXBuildFile; fileRef = D8D3449923DB219800FA5704 /* btn_signup.png */; };
		D8D3449C23DB219800FA5704 /* btn_login.png in Resources */ = {isa = PBXBuildFile; fileRef = D8D3449A23DB219800FA5704 /* btn_login.png */; };
		D8D344A023DB234200FA5704 /* btn_guest.png in Resources */ = {isa = PBXBuildFile; fileRef = D8D3449F23DB234200FA5704 /* btn_guest.png */; };
		D8F0E5F8239E77D800777602 /* VC_MP_GroupList.swift in Sources */ = {isa = PBXBuildFile; fileRef = D8F0E5F7239E77D800777602 /* VC_MP_GroupList.swift */; };
		D8F0E5FA239EF57F00777602 /* MultiplayerGame.swift in Sources */ = {isa = PBXBuildFile; fileRef = D8F0E5F9239EF57F00777602 /* MultiplayerGame.swift */; };
		D8F0E5FC239EF75400777602 /* DataManager.swift in Sources */ = {isa = PBXBuildFile; fileRef = D8F0E5FB239EF75400777602 /* DataManager.swift */; };
		D8F741ED2395CF4C00D4A0B9 /* logo_180.png in Resources */ = {isa = PBXBuildFile; fileRef = D8F741EB2395CF4C00D4A0B9 /* logo_180.png */; };
		D8F741EE2395CF4C00D4A0B9 /* logo_120.png in Resources */ = {isa = PBXBuildFile; fileRef = D8F741EC2395CF4C00D4A0B9 /* logo_120.png */; };
/* End PBXBuildFile section */

/* Begin PBXContainerItemProxy section */
		D80234D22393F07B00D0B152 /* PBXContainerItemProxy */ = {
			isa = PBXContainerItemProxy;
			containerPortal = D80234B32393F07A00D0B152 /* Project object */;
			proxyType = 1;
			remoteGlobalIDString = D80234BA2393F07A00D0B152;
			remoteInfo = PressIt;
		};
		D80234DD2393F07B00D0B152 /* PBXContainerItemProxy */ = {
			isa = PBXContainerItemProxy;
			containerPortal = D80234B32393F07A00D0B152 /* Project object */;
			proxyType = 1;
			remoteGlobalIDString = D80234BA2393F07A00D0B152;
			remoteInfo = PressIt;
		};
/* End PBXContainerItemProxy section */

/* Begin PBXFileReference section */
		6553B2F85561652D3A004676 /* Pods-PressIt.release.xcconfig */ = {isa = PBXFileReference; includeInIndex = 1; lastKnownFileType = text.xcconfig; name = "Pods-PressIt.release.xcconfig"; path = "Target Support Files/Pods-PressIt/Pods-PressIt.release.xcconfig"; sourceTree = "<group>"; };
		C5D38F1FB436EDCB3E1550E7 /* Pods_PressIt.framework */ = {isa = PBXFileReference; explicitFileType = wrapper.framework; includeInIndex = 0; path = Pods_PressIt.framework; sourceTree = BUILT_PRODUCTS_DIR; };
		C89F2078FF319F67474C5DD3 /* Pods-PressIt.debug.xcconfig */ = {isa = PBXFileReference; includeInIndex = 1; lastKnownFileType = text.xcconfig; name = "Pods-PressIt.debug.xcconfig"; path = "Target Support Files/Pods-PressIt/Pods-PressIt.debug.xcconfig"; sourceTree = "<group>"; };
		D80234BB2393F07A00D0B152 /* TapIt.app */ = {isa = PBXFileReference; explicitFileType = wrapper.application; includeInIndex = 0; path = TapIt.app; sourceTree = BUILT_PRODUCTS_DIR; };
		D80234BE2393F07A00D0B152 /* AppDelegate.swift */ = {isa = PBXFileReference; lastKnownFileType = sourcecode.swift; path = AppDelegate.swift; sourceTree = "<group>"; };
		D80234C02393F07A00D0B152 /* SceneDelegate.swift */ = {isa = PBXFileReference; lastKnownFileType = sourcecode.swift; path = SceneDelegate.swift; sourceTree = "<group>"; };
		D80234C22393F07A00D0B152 /* VC_ClassicGame.swift */ = {isa = PBXFileReference; lastKnownFileType = sourcecode.swift; path = VC_ClassicGame.swift; sourceTree = "<group>"; };
		D80234C72393F07B00D0B152 /* Assets.xcassets */ = {isa = PBXFileReference; lastKnownFileType = folder.assetcatalog; path = Assets.xcassets; sourceTree = "<group>"; };
		D80234CA2393F07B00D0B152 /* Base */ = {isa = PBXFileReference; lastKnownFileType = file.storyboard; name = Base; path = Base.lproj/LaunchScreen.storyboard; sourceTree = "<group>"; };
		D80234CC2393F07B00D0B152 /* Info.plist */ = {isa = PBXFileReference; lastKnownFileType = text.plist.xml; path = Info.plist; sourceTree = "<group>"; };
		D80234D12393F07B00D0B152 /* PressItTests.xctest */ = {isa = PBXFileReference; explicitFileType = wrapper.cfbundle; includeInIndex = 0; path = PressItTests.xctest; sourceTree = BUILT_PRODUCTS_DIR; };
		D80234D52393F07B00D0B152 /* PressItTests.swift */ = {isa = PBXFileReference; lastKnownFileType = sourcecode.swift; path = PressItTests.swift; sourceTree = "<group>"; };
		D80234D72393F07B00D0B152 /* Info.plist */ = {isa = PBXFileReference; lastKnownFileType = text.plist.xml; path = Info.plist; sourceTree = "<group>"; };
		D80234DC2393F07B00D0B152 /* PressItUITests.xctest */ = {isa = PBXFileReference; explicitFileType = wrapper.cfbundle; includeInIndex = 0; path = PressItUITests.xctest; sourceTree = BUILT_PRODUCTS_DIR; };
		D80234E02393F07B00D0B152 /* PressItUITests.swift */ = {isa = PBXFileReference; lastKnownFileType = sourcecode.swift; path = PressItUITests.swift; sourceTree = "<group>"; };
		D80234E22393F07B00D0B152 /* Info.plist */ = {isa = PBXFileReference; lastKnownFileType = text.plist.xml; path = Info.plist; sourceTree = "<group>"; };
		D80234F023941C8E00D0B152 /* Tap_Circle.png */ = {isa = PBXFileReference; lastKnownFileType = image.png; name = Tap_Circle.png; path = ../Images/Tap_Circle.png; sourceTree = "<group>"; };
		D80234F72395008300D0B152 /* Base */ = {isa = PBXFileReference; lastKnownFileType = file.storyboard; name = Base; path = Base.lproj/Main.storyboard; sourceTree = "<group>"; };
		D80234F923950F1200D0B152 /* UI_Extensions.swift */ = {isa = PBXFileReference; lastKnownFileType = sourcecode.swift; path = UI_Extensions.swift; sourceTree = "<group>"; };
		D80234FF2395308E00D0B152 /* VC_Main.swift */ = {isa = PBXFileReference; lastKnownFileType = sourcecode.swift; path = VC_Main.swift; sourceTree = "<group>"; };
		D8023522239543D200D0B152 /* logo_40.png */ = {isa = PBXFileReference; lastKnownFileType = image.png; path = logo_40.png; sourceTree = "<group>"; };
		D8023523239543D200D0B152 /* logo_58.png */ = {isa = PBXFileReference; lastKnownFileType = image.png; path = logo_58.png; sourceTree = "<group>"; };
		D8023525239543D200D0B152 /* logo_87.png */ = {isa = PBXFileReference; lastKnownFileType = image.png; path = logo_87.png; sourceTree = "<group>"; };
		D8023527239543D200D0B152 /* logo_60.png */ = {isa = PBXFileReference; lastKnownFileType = image.png; path = logo_60.png; sourceTree = "<group>"; };
		D8023528239543D200D0B152 /* logo_80.png */ = {isa = PBXFileReference; lastKnownFileType = image.png; path = logo_80.png; sourceTree = "<group>"; };
		D80235362395449200D0B152 /* Logo_TabIt.png */ = {isa = PBXFileReference; lastKnownFileType = image.png; path = Logo_TabIt.png; sourceTree = "<group>"; };
		D80235522395942B00D0B152 /* ClassicGame.swift */ = {isa = PBXFileReference; lastKnownFileType = sourcecode.swift; path = ClassicGame.swift; sourceTree = "<group>"; };
		D802630823A40CBC002AFE1B /* ServerConversation.swift */ = {isa = PBXFileReference; lastKnownFileType = sourcecode.swift; path = ServerConversation.swift; sourceTree = "<group>"; };
		D802630A23A40F79002AFE1B /* Source */ = {isa = PBXFileReference; lastKnownFileType = folder; path = Source; sourceTree = "<group>"; };
		D80E99F223CD2DCC00AE2706 /* Player.swift */ = {isa = PBXFileReference; lastKnownFileType = sourcecode.swift; path = Player.swift; sourceTree = "<group>"; };
		D80E99F523CD2E7900AE2706 /* Room.swift */ = {isa = PBXFileReference; lastKnownFileType = sourcecode.swift; path = Room.swift; sourceTree = "<group>"; };
		D818252823EDD4C30015010C /* bkg_music.mp3 */ = {isa = PBXFileReference; lastKnownFileType = audio.mp3; path = bkg_music.mp3; sourceTree = "<group>"; };
		D818252A23EDD9140015010C /* sound_off.png */ = {isa = PBXFileReference; lastKnownFileType = image.png; path = sound_off.png; sourceTree = "<group>"; };
		D818252B23EDD9140015010C /* sound_on.png */ = {isa = PBXFileReference; lastKnownFileType = image.png; path = sound_on.png; sourceTree = "<group>"; };
		D823FF4A23AD8A2900CEEFE4 /* VC_MP_JoinGroup.swift */ = {isa = PBXFileReference; lastKnownFileType = sourcecode.swift; path = VC_MP_JoinGroup.swift; sourceTree = "<group>"; };
		D823FF4C23AE0F6E00CEEFE4 /* VC_MP_Game.swift */ = {isa = PBXFileReference; lastKnownFileType = sourcecode.swift; path = VC_MP_Game.swift; sourceTree = "<group>"; };
		D82E473A23D4FBC900731F52 /* bkg_game.png */ = {isa = PBXFileReference; lastKnownFileType = image.png; path = bkg_game.png; sourceTree = "<group>"; };
		D82E473C23D50D0A00731F52 /* CircularProgressView.swift */ = {isa = PBXFileReference; lastKnownFileType = sourcecode.swift; path = CircularProgressView.swift; sourceTree = "<group>"; };
		D82F05A123D0F1620050B0D3 /* UI.swift */ = {isa = PBXFileReference; lastKnownFileType = sourcecode.swift; path = UI.swift; sourceTree = "<group>"; };
		D841065E23A96F5E000E3582 /* tap_it_bkg.png */ = {isa = PBXFileReference; lastKnownFileType = image.png; path = tap_it_bkg.png; sourceTree = "<group>"; };
		D841066723A97198000E3582 /* back_icon.png */ = {isa = PBXFileReference; lastKnownFileType = image.png; path = back_icon.png; sourceTree = "<group>"; };
		D841066D23A97317000E3582 /* fuck_bkg.png */ = {isa = PBXFileReference; lastKnownFileType = image.png; path = fuck_bkg.png; sourceTree = "<group>"; };
		D841066F23A9756F000E3582 /* tap_new_circle.png */ = {isa = PBXFileReference; lastKnownFileType = image.png; name = tap_new_circle.png; path = PressIt/Images/tap_new_circle.png; sourceTree = SOURCE_ROOT; };
		D841067323A97858000E3582 /* circle_tap_new */ = {isa = PBXFileReference; lastKnownFileType = file; path = circle_tap_new; sourceTree = "<group>"; };
		D841067623A97ACD000E3582 /* Roboto-Black.ttf */ = {isa = PBXFileReference; lastKnownFileType = file; path = "Roboto-Black.ttf"; sourceTree = "<group>"; };
		D841067723A97ACD000E3582 /* Roboto-Thin.ttf */ = {isa = PBXFileReference; lastKnownFileType = file; path = "Roboto-Thin.ttf"; sourceTree = "<group>"; };
		D841067823A97ACD000E3582 /* Roboto-Medium.ttf */ = {isa = PBXFileReference; lastKnownFileType = file; path = "Roboto-Medium.ttf"; sourceTree = "<group>"; };
		D841067923A97ACD000E3582 /* Roboto-LightItalic.ttf */ = {isa = PBXFileReference; lastKnownFileType = file; path = "Roboto-LightItalic.ttf"; sourceTree = "<group>"; };
		D841067A23A97ACD000E3582 /* Roboto-MediumItalic.ttf */ = {isa = PBXFileReference; lastKnownFileType = file; path = "Roboto-MediumItalic.ttf"; sourceTree = "<group>"; };
		D841067B23A97ACD000E3582 /* Roboto-BlackItalic.ttf */ = {isa = PBXFileReference; lastKnownFileType = file; path = "Roboto-BlackItalic.ttf"; sourceTree = "<group>"; };
		D841067C23A97ACD000E3582 /* Roboto-BoldItalic.ttf */ = {isa = PBXFileReference; lastKnownFileType = file; path = "Roboto-BoldItalic.ttf"; sourceTree = "<group>"; };
		D841067D23A97ACD000E3582 /* Roboto-Bold.ttf */ = {isa = PBXFileReference; lastKnownFileType = file; path = "Roboto-Bold.ttf"; sourceTree = "<group>"; };
		D841067E23A97ACD000E3582 /* Roboto-Italic.ttf */ = {isa = PBXFileReference; lastKnownFileType = file; path = "Roboto-Italic.ttf"; sourceTree = "<group>"; };
		D841067F23A97ACD000E3582 /* Roboto-Light.ttf */ = {isa = PBXFileReference; lastKnownFileType = file; path = "Roboto-Light.ttf"; sourceTree = "<group>"; };
		D841068123A97ACD000E3582 /* Roboto-Regular.ttf */ = {isa = PBXFileReference; lastKnownFileType = file; path = "Roboto-Regular.ttf"; sourceTree = "<group>"; };
		D841068223A97ACD000E3582 /* Roboto-ThinItalic.ttf */ = {isa = PBXFileReference; lastKnownFileType = file; path = "Roboto-ThinItalic.ttf"; sourceTree = "<group>"; };
		D841069023A97D50000E3582 /* menu_btn.png */ = {isa = PBXFileReference; lastKnownFileType = image.png; path = menu_btn.png; sourceTree = "<group>"; };
		D841069223A97DD0000E3582 /* btn_menu.png */ = {isa = PBXFileReference; lastKnownFileType = image.png; path = btn_menu.png; sourceTree = "<group>"; };
		D841069423A98400000E3582 /* btn_back_ico.png */ = {isa = PBXFileReference; lastKnownFileType = image.png; path = btn_back_ico.png; sourceTree = "<group>"; };
		D84D086A23D7B1F600135D5C /* btn_arcade.png */ = {isa = PBXFileReference; lastKnownFileType = image.png; name = btn_arcade.png; path = ../../../../../../../Photoshop/TapIt/btn_arcade.png; sourceTree = "<group>"; };
		D84D088023D831EF00135D5C /* btn_open.png */ = {isa = PBXFileReference; lastKnownFileType = image.png; name = btn_open.png; path = ../../../../../../../Photoshop/TapIt/btn_open.png; sourceTree = "<group>"; };
		D84D088123D831EF00135D5C /* btn_classic.png */ = {isa = PBXFileReference; lastKnownFileType = image.png; name = btn_classic.png; path = ../../../../../../../Photoshop/TapIt/btn_classic.png; sourceTree = "<group>"; };
		D84D088223D831F000135D5C /* btn_join.png */ = {isa = PBXFileReference; lastKnownFileType = image.png; name = btn_join.png; path = ../../../../../../../Photoshop/TapIt/btn_join.png; sourceTree = "<group>"; };
		D84D088323D831F000135D5C /* btn_host.png */ = {isa = PBXFileReference; lastKnownFileType = image.png; name = btn_host.png; path = ../../../../../../../Photoshop/TapIt/btn_host.png; sourceTree = "<group>"; };
		D84D088423D831F000135D5C /* btn_multiplayer.png */ = {isa = PBXFileReference; lastKnownFileType = image.png; name = btn_multiplayer.png; path = ../../../../../../../Photoshop/TapIt/btn_multiplayer.png; sourceTree = "<group>"; };
		D84D088523D831F000135D5C /* btn_start.png */ = {isa = PBXFileReference; lastKnownFileType = image.png; name = btn_start.png; path = ../../../../../../../Photoshop/TapIt/btn_start.png; sourceTree = "<group>"; };
		D85B493423CB290E00AD6569 /* logo_text.png */ = {isa = PBXFileReference; lastKnownFileType = image.png; path = logo_text.png; sourceTree = "<group>"; };
		D85B493823CB2A8E00AD6569 /* coin_game.png */ = {isa = PBXFileReference; lastKnownFileType = image.png; path = coin_game.png; sourceTree = "<group>"; };
		D85B493A23CB893500AD6569 /* lvl_bar_full.png */ = {isa = PBXFileReference; lastKnownFileType = image.png; path = lvl_bar_full.png; sourceTree = "<group>"; };
		D85B493E23CB893500AD6569 /* lvl_bar.png */ = {isa = PBXFileReference; lastKnownFileType = image.png; path = lvl_bar.png; sourceTree = "<group>"; };
		D85B493F23CB893500AD6569 /* btn_more.png */ = {isa = PBXFileReference; lastKnownFileType = image.png; path = btn_more.png; sourceTree = "<group>"; };
		D85B494923CB921400AD6569 /* avatar_jetpack.png */ = {isa = PBXFileReference; lastKnownFileType = image.png; path = avatar_jetpack.png; sourceTree = "<group>"; };
		D86FC59223DCF5D70040135D /* bkg_iphone10.png */ = {isa = PBXFileReference; lastKnownFileType = image.png; name = bkg_iphone10.png; path = ../../../../../../Photoshop/TapIt/bkg_iphone10.png; sourceTree = "<group>"; };
		D86FC59423DCF7D70040135D /* Logo_TabIt_Launch.png */ = {isa = PBXFileReference; lastKnownFileType = image.png; path = Logo_TabIt_Launch.png; sourceTree = "<group>"; };
		D881CE4723DB1078004EFC3E /* bkg_game_iphone10.png */ = {isa = PBXFileReference; lastKnownFileType = image.png; path = bkg_game_iphone10.png; sourceTree = "<group>"; };
		D88DA10823AF956100D6D9CF /* btn_pause_green.png */ = {isa = PBXFileReference; lastKnownFileType = image.png; name = btn_pause_green.png; path = ../../../../../../Xcode/PressIt/PressIt/Img/btn_pause_green.png; sourceTree = "<group>"; };
		D88DA10A23B00EF800D6D9CF /* btn_resume_green.png */ = {isa = PBXFileReference; lastKnownFileType = image.png; path = btn_resume_green.png; sourceTree = "<group>"; };
		D88DA10C23B0C60700D6D9CF /* VC_MP_Menu.swift */ = {isa = PBXFileReference; lastKnownFileType = sourcecode.swift; path = VC_MP_Menu.swift; sourceTree = "<group>"; };
		D89A4D4023E4B14A005DB728 /* bkg.png */ = {isa = PBXFileReference; lastKnownFileType = image.png; name = bkg.png; path = ../../../../../../Photoshop/bkg.png; sourceTree = "<group>"; };
		D89A4D4B23E4B597005DB728 /* password_ico.png */ = {isa = PBXFileReference; lastKnownFileType = image.png; path = password_ico.png; sourceTree = "<group>"; };
		D89A4D5623E4B9E3005DB728 /* user_ico.png */ = {isa = PBXFileReference; lastKnownFileType = image.png; name = user_ico.png; path = ../../../../../../Photoshop/TapIt/user_ico.png; sourceTree = "<group>"; };
		D89A4D5823E4BB12005DB728 /* VC_Signup.swift */ = {isa = PBXFileReference; lastKnownFileType = sourcecode.swift; path = VC_Signup.swift; sourceTree = "<group>"; };
		D89A4D5A23E4BCBE005DB728 /* email_ico.png */ = {isa = PBXFileReference; lastKnownFileType = image.png; path = email_ico.png; sourceTree = "<group>"; };
		D8B34BFB2396897E008B6DF3 /* VC_ClassicMenu.swift */ = {isa = PBXFileReference; lastKnownFileType = sourcecode.swift; path = VC_ClassicMenu.swift; sourceTree = "<group>"; };
		D8B34BFD23969288008B6DF3 /* VC_LBGame.swift */ = {isa = PBXFileReference; lastKnownFileType = sourcecode.swift; path = VC_LBGame.swift; sourceTree = "<group>"; };
		D8B34C002396C8B6008B6DF3 /* btn_Resume.png */ = {isa = PBXFileReference; lastKnownFileType = image.png; path = btn_Resume.png; sourceTree = "<group>"; };
		D8B34C012396C8B6008B6DF3 /* btn_Pause.png */ = {isa = PBXFileReference; lastKnownFileType = image.png; path = btn_Pause.png; sourceTree = "<group>"; };
		D8B34C072396CAE5008B6DF3 /* ArcadeGame.swift */ = {isa = PBXFileReference; lastKnownFileType = sourcecode.swift; path = ArcadeGame.swift; sourceTree = "<group>"; };
		D8B34C092396CB2A008B6DF3 /* VC_ArcadeGame.swift */ = {isa = PBXFileReference; lastKnownFileType = sourcecode.swift; path = VC_ArcadeGame.swift; sourceTree = "<group>"; };
		D8CDBEB823D5C817000BDF64 /* SegueFromLeft.swift */ = {isa = PBXFileReference; lastKnownFileType = sourcecode.swift; path = SegueFromLeft.swift; sourceTree = "<group>"; };
		D8CDBEBA23D5C8DD000BDF64 /* SegueFromRight.swift */ = {isa = PBXFileReference; lastKnownFileType = sourcecode.swift; path = SegueFromRight.swift; sourceTree = "<group>"; };
		D8CDBEBC23D62D0F000BDF64 /* btn_startover.png */ = {isa = PBXFileReference; lastKnownFileType = image.png; name = btn_startover.png; path = ../../../../../../../Photoshop/TapIt/btn_startover.png; sourceTree = "<group>"; };
		D8D336A423A9F58A002A3FE7 /* Seravek-BoldItalic.ttf */ = {isa = PBXFileReference; lastKnownFileType = file; path = "Seravek-BoldItalic.ttf"; sourceTree = "<group>"; };
		D8D336A523A9F58A002A3FE7 /* Seravek-ExtraLightItalic.ttf */ = {isa = PBXFileReference; lastKnownFileType = file; path = "Seravek-ExtraLightItalic.ttf"; sourceTree = "<group>"; };
		D8D336A623A9F58A002A3FE7 /* Seravek-MediumItalic.ttf */ = {isa = PBXFileReference; lastKnownFileType = file; path = "Seravek-MediumItalic.ttf"; sourceTree = "<group>"; };
		D8D336A723A9F58A002A3FE7 /* Seravek-LightItalic.ttf */ = {isa = PBXFileReference; lastKnownFileType = file; path = "Seravek-LightItalic.ttf"; sourceTree = "<group>"; };
		D8D336A823A9F58A002A3FE7 /* Seravek-Medium.ttf */ = {isa = PBXFileReference; lastKnownFileType = file; path = "Seravek-Medium.ttf"; sourceTree = "<group>"; };
		D8D336A923A9F58A002A3FE7 /* Seravek-Bold.ttf */ = {isa = PBXFileReference; lastKnownFileType = file; path = "Seravek-Bold.ttf"; sourceTree = "<group>"; };
		D8D336AA23A9F58A002A3FE7 /* Seravek-Italic.ttf */ = {isa = PBXFileReference; lastKnownFileType = file; path = "Seravek-Italic.ttf"; sourceTree = "<group>"; };
		D8D336AB23A9F58A002A3FE7 /* Seravek.ttf */ = {isa = PBXFileReference; lastKnownFileType = file; path = Seravek.ttf; sourceTree = "<group>"; };
		D8D336AC23A9F58A002A3FE7 /* Seravek-Light.ttf */ = {isa = PBXFileReference; lastKnownFileType = file; path = "Seravek-Light.ttf"; sourceTree = "<group>"; };
		D8D336AD23A9F58A002A3FE7 /* Seravek-ExtraLight.ttf */ = {isa = PBXFileReference; lastKnownFileType = file; path = "Seravek-ExtraLight.ttf"; sourceTree = "<group>"; };
		D8D3449323DB198900FA5704 /* VC_Login.swift */ = {isa = PBXFileReference; lastKnownFileType = sourcecode.swift; path = VC_Login.swift; sourceTree = "<group>"; };
		D8D3449923DB219800FA5704 /* btn_signup.png */ = {isa = PBXFileReference; lastKnownFileType = image.png; name = btn_signup.png; path = ../../../../../../../Photoshop/TapIt/btn_signup.png; sourceTree = "<group>"; };
		D8D3449A23DB219800FA5704 /* btn_login.png */ = {isa = PBXFileReference; lastKnownFileType = image.png; name = btn_login.png; path = ../../../../../../../Photoshop/TapIt/btn_login.png; sourceTree = "<group>"; };
		D8D3449F23DB234200FA5704 /* btn_guest.png */ = {isa = PBXFileReference; lastKnownFileType = image.png; name = btn_guest.png; path = ../../../../../../../Photoshop/TapIt/btn_guest.png; sourceTree = "<group>"; };
		D8F0E5F6239E677400777602 /* PressIt-Bridging-Header.h */ = {isa = PBXFileReference; lastKnownFileType = sourcecode.c.h; path = "PressIt-Bridging-Header.h"; sourceTree = "<group>"; };
		D8F0E5F7239E77D800777602 /* VC_MP_GroupList.swift */ = {isa = PBXFileReference; lastKnownFileType = sourcecode.swift; path = VC_MP_GroupList.swift; sourceTree = "<group>"; };
		D8F0E5F9239EF57F00777602 /* MultiplayerGame.swift */ = {isa = PBXFileReference; lastKnownFileType = sourcecode.swift; path = MultiplayerGame.swift; sourceTree = "<group>"; };
		D8F0E5FB239EF75400777602 /* DataManager.swift */ = {isa = PBXFileReference; lastKnownFileType = sourcecode.swift; path = DataManager.swift; sourceTree = "<group>"; };
		D8F741EB2395CF4C00D4A0B9 /* logo_180.png */ = {isa = PBXFileReference; lastKnownFileType = image.png; name = logo_180.png; path = ../../../../../../../Xcode/PressIt/PressIt/Img/Logos/logo_180.png; sourceTree = "<group>"; };
		D8F741EC2395CF4C00D4A0B9 /* logo_120.png */ = {isa = PBXFileReference; lastKnownFileType = image.png; name = logo_120.png; path = ../../../../../../../Xcode/PressIt/PressIt/Img/Logos/logo_120.png; sourceTree = "<group>"; };
/* End PBXFileReference section */

/* Begin PBXFrameworksBuildPhase section */
		D80234B82393F07A00D0B152 /* Frameworks */ = {
			isa = PBXFrameworksBuildPhase;
			buildActionMask = 2147483647;
			files = (
				B1CEA3B55190F8C7722FC588 /* Pods_PressIt.framework in Frameworks */,
			);
			runOnlyForDeploymentPostprocessing = 0;
		};
		D80234CE2393F07B00D0B152 /* Frameworks */ = {
			isa = PBXFrameworksBuildPhase;
			buildActionMask = 2147483647;
			files = (
			);
			runOnlyForDeploymentPostprocessing = 0;
		};
		D80234D92393F07B00D0B152 /* Frameworks */ = {
			isa = PBXFrameworksBuildPhase;
			buildActionMask = 2147483647;
			files = (
			);
			runOnlyForDeploymentPostprocessing = 0;
		};
/* End PBXFrameworksBuildPhase section */

/* Begin PBXGroup section */
		0059626753E8C361F93D549E /* Frameworks */ = {
			isa = PBXGroup;
			children = (
				C5D38F1FB436EDCB3E1550E7 /* Pods_PressIt.framework */,
			);
			name = Frameworks;
			sourceTree = "<group>";
		};
		C3A7833C76365322A25EA55B /* Pods */ = {
			isa = PBXGroup;
			children = (
				C89F2078FF319F67474C5DD3 /* Pods-PressIt.debug.xcconfig */,
				6553B2F85561652D3A004676 /* Pods-PressIt.release.xcconfig */,
			);
			path = Pods;
			sourceTree = "<group>";
		};
		D80234B22393F07A00D0B152 = {
			isa = PBXGroup;
			children = (
				D80234BD2393F07A00D0B152 /* PressIt */,
				D80234D42393F07B00D0B152 /* PressItTests */,
				D80234DF2393F07B00D0B152 /* PressItUITests */,
				D80234BC2393F07A00D0B152 /* Products */,
				C3A7833C76365322A25EA55B /* Pods */,
				0059626753E8C361F93D549E /* Frameworks */,
			);
			sourceTree = "<group>";
		};
		D80234BC2393F07A00D0B152 /* Products */ = {
			isa = PBXGroup;
			children = (
				D80234BB2393F07A00D0B152 /* TapIt.app */,
				D80234D12393F07B00D0B152 /* PressItTests.xctest */,
				D80234DC2393F07B00D0B152 /* PressItUITests.xctest */,
			);
			name = Products;
			sourceTree = "<group>";
		};
		D80234BD2393F07A00D0B152 /* PressIt */ = {
			isa = PBXGroup;
			children = (
				D818252723EDD4B60015010C /* Sounds */,
				D841067523A97ABD000E3582 /* fonts */,
				D802630A23A40F79002AFE1B /* Source */,
				D80234F62395008300D0B152 /* Main.storyboard */,
				D80234C92393F07B00D0B152 /* LaunchScreen.storyboard */,
				D802355423959CEA00D0B152 /* Classes */,
				D80235512395938700D0B152 /* Extensions */,
				D80235502395937100D0B152 /* ViewControllers */,
				D802354F2395935E00D0B152 /* StoryBoards */,
				D8023521239542C900D0B152 /* Img */,
				D80234BE2393F07A00D0B152 /* AppDelegate.swift */,
				D80234C02393F07A00D0B152 /* SceneDelegate.swift */,
				D80234C72393F07B00D0B152 /* Assets.xcassets */,
				D80234CC2393F07B00D0B152 /* Info.plist */,
				D8F0E5F6239E677400777602 /* PressIt-Bridging-Header.h */,
				D82F05A123D0F1620050B0D3 /* UI.swift */,
			);
			path = PressIt;
			sourceTree = "<group>";
		};
		D80234D42393F07B00D0B152 /* PressItTests */ = {
			isa = PBXGroup;
			children = (
				D80234D52393F07B00D0B152 /* PressItTests.swift */,
				D80234D72393F07B00D0B152 /* Info.plist */,
			);
			path = PressItTests;
			sourceTree = "<group>";
		};
		D80234DF2393F07B00D0B152 /* PressItUITests */ = {
			isa = PBXGroup;
			children = (
				D80234E02393F07B00D0B152 /* PressItUITests.swift */,
				D80234E22393F07B00D0B152 /* Info.plist */,
			);
			path = PressItUITests;
			sourceTree = "<group>";
		};
		D802350D2395425800D0B152 /* Logos */ = {
			isa = PBXGroup;
			children = (
				D85B493423CB290E00AD6569 /* logo_text.png */,
				D86FC59423DCF7D70040135D /* Logo_TabIt_Launch.png */,
				D80235362395449200D0B152 /* Logo_TabIt.png */,
				D8023522239543D200D0B152 /* logo_40.png */,
				D8023523239543D200D0B152 /* logo_58.png */,
				D8023527239543D200D0B152 /* logo_60.png */,
				D8023528239543D200D0B152 /* logo_80.png */,
				D8023525239543D200D0B152 /* logo_87.png */,
				D8F741EB2395CF4C00D4A0B9 /* logo_180.png */,
				D8F741EC2395CF4C00D4A0B9 /* logo_120.png */,
			);
			path = Logos;
			sourceTree = "<group>";
		};
		D802351D239542B800D0B152 /* Buttons */ = {
			isa = PBXGroup;
			children = (
				D8D3449F23DB234200FA5704 /* btn_guest.png */,
				D8D3449A23DB219800FA5704 /* btn_login.png */,
				D8D3449923DB219800FA5704 /* btn_signup.png */,
				D84D088123D831EF00135D5C /* btn_classic.png */,
				D84D088323D831F000135D5C /* btn_host.png */,
				D84D088223D831F000135D5C /* btn_join.png */,
				D84D088423D831F000135D5C /* btn_multiplayer.png */,
				D84D088023D831EF00135D5C /* btn_open.png */,
				D84D088523D831F000135D5C /* btn_start.png */,
				D84D086A23D7B1F600135D5C /* btn_arcade.png */,
				D8CDBEBC23D62D0F000BDF64 /* btn_startover.png */,
				D85B493F23CB893500AD6569 /* btn_more.png */,
				D8B34C012396C8B6008B6DF3 /* btn_Pause.png */,
				D8B34C002396C8B6008B6DF3 /* btn_Resume.png */,
			);
			path = Buttons;
			sourceTree = "<group>";
		};
		D8023521239542C900D0B152 /* Img */ = {
			isa = PBXGroup;
			children = (
				D818252A23EDD9140015010C /* sound_off.png */,
				D818252B23EDD9140015010C /* sound_on.png */,
				D89A4D5A23E4BCBE005DB728 /* email_ico.png */,
				D89A4D5623E4B9E3005DB728 /* user_ico.png */,
				D89A4D4B23E4B597005DB728 /* password_ico.png */,
				D89A4D4023E4B14A005DB728 /* bkg.png */,
				D86FC59223DCF5D70040135D /* bkg_iphone10.png */,
				D881CE4723DB1078004EFC3E /* bkg_game_iphone10.png */,
				D82E473A23D4FBC900731F52 /* bkg_game.png */,
				D85B494823CB91AD00AD6569 /* Games_Avatars */,
				D85B493823CB2A8E00AD6569 /* coin_game.png */,
				D88DA10A23B00EF800D6D9CF /* btn_resume_green.png */,
				D88DA10823AF956100D6D9CF /* btn_pause_green.png */,
				D841069423A98400000E3582 /* btn_back_ico.png */,
				D841069223A97DD0000E3582 /* btn_menu.png */,
				D841069023A97D50000E3582 /* menu_btn.png */,
				D841067323A97858000E3582 /* circle_tap_new */,
				D841066F23A9756F000E3582 /* tap_new_circle.png */,
				D841066D23A97317000E3582 /* fuck_bkg.png */,
				D841066723A97198000E3582 /* back_icon.png */,
				D841065E23A96F5E000E3582 /* tap_it_bkg.png */,
				D85B493A23CB893500AD6569 /* lvl_bar_full.png */,
				D85B493E23CB893500AD6569 /* lvl_bar.png */,
				D802351D239542B800D0B152 /* Buttons */,
				D802350D2395425800D0B152 /* Logos */,
				D80234F023941C8E00D0B152 /* Tap_Circle.png */,
			);
			path = Img;
			sourceTree = "<group>";
		};
		D802354F2395935E00D0B152 /* StoryBoards */ = {
			isa = PBXGroup;
			children = (
			);
			path = StoryBoards;
			sourceTree = "<group>";
		};
		D80235502395937100D0B152 /* ViewControllers */ = {
			isa = PBXGroup;
			children = (
				D8AEA30523A6A43B0006EBDD /* Multiplayer */,
				D80234C22393F07A00D0B152 /* VC_ClassicGame.swift */,
				D80234FF2395308E00D0B152 /* VC_Main.swift */,
				D8B34BFB2396897E008B6DF3 /* VC_ClassicMenu.swift */,
				D8B34BFD23969288008B6DF3 /* VC_LBGame.swift */,
				D8B34C092396CB2A008B6DF3 /* VC_ArcadeGame.swift */,
				D8D3449323DB198900FA5704 /* VC_Login.swift */,
				D89A4D5823E4BB12005DB728 /* VC_Signup.swift */,
			);
			path = ViewControllers;
			sourceTree = "<group>";
		};
		D80235512395938700D0B152 /* Extensions */ = {
			isa = PBXGroup;
			children = (
				D80234F923950F1200D0B152 /* UI_Extensions.swift */,
				D8F0E5FB239EF75400777602 /* DataManager.swift */,
				D82E473C23D50D0A00731F52 /* CircularProgressView.swift */,
				D8CDBEB823D5C817000BDF64 /* SegueFromLeft.swift */,
				D8CDBEBA23D5C8DD000BDF64 /* SegueFromRight.swift */,
			);
			path = Extensions;
			sourceTree = "<group>";
		};
		D802355423959CEA00D0B152 /* Classes */ = {
			isa = PBXGroup;
			children = (
				D80235522395942B00D0B152 /* ClassicGame.swift */,
				D8B34C072396CAE5008B6DF3 /* ArcadeGame.swift */,
				D8F0E5F9239EF57F00777602 /* MultiplayerGame.swift */,
				D802630823A40CBC002AFE1B /* ServerConversation.swift */,
				D80E99F223CD2DCC00AE2706 /* Player.swift */,
				D80E99F523CD2E7900AE2706 /* Room.swift */,
			);
			path = Classes;
			sourceTree = "<group>";
		};
		D818252723EDD4B60015010C /* Sounds */ = {
			isa = PBXGroup;
			children = (
				D818252823EDD4C30015010C /* bkg_music.mp3 */,
			);
			path = Sounds;
			sourceTree = "<group>";
		};
		D841067523A97ABD000E3582 /* fonts */ = {
			isa = PBXGroup;
			children = (
				D8D336A923A9F58A002A3FE7 /* Seravek-Bold.ttf */,
				D8D336A423A9F58A002A3FE7 /* Seravek-BoldItalic.ttf */,
				D8D336AD23A9F58A002A3FE7 /* Seravek-ExtraLight.ttf */,
				D8D336A523A9F58A002A3FE7 /* Seravek-ExtraLightItalic.ttf */,
				D8D336AA23A9F58A002A3FE7 /* Seravek-Italic.ttf */,
				D8D336AC23A9F58A002A3FE7 /* Seravek-Light.ttf */,
				D8D336A723A9F58A002A3FE7 /* Seravek-LightItalic.ttf */,
				D8D336A823A9F58A002A3FE7 /* Seravek-Medium.ttf */,
				D8D336A623A9F58A002A3FE7 /* Seravek-MediumItalic.ttf */,
				D8D336AB23A9F58A002A3FE7 /* Seravek.ttf */,
				D841067623A97ACD000E3582 /* Roboto-Black.ttf */,
				D841067B23A97ACD000E3582 /* Roboto-BlackItalic.ttf */,
				D841067D23A97ACD000E3582 /* Roboto-Bold.ttf */,
				D841067C23A97ACD000E3582 /* Roboto-BoldItalic.ttf */,
				D841067E23A97ACD000E3582 /* Roboto-Italic.ttf */,
				D841067F23A97ACD000E3582 /* Roboto-Light.ttf */,
				D841067923A97ACD000E3582 /* Roboto-LightItalic.ttf */,
				D841067823A97ACD000E3582 /* Roboto-Medium.ttf */,
				D841067A23A97ACD000E3582 /* Roboto-MediumItalic.ttf */,
				D841068123A97ACD000E3582 /* Roboto-Regular.ttf */,
				D841067723A97ACD000E3582 /* Roboto-Thin.ttf */,
				D841068223A97ACD000E3582 /* Roboto-ThinItalic.ttf */,
			);
			path = fonts;
			sourceTree = "<group>";
		};
		D85B494823CB91AD00AD6569 /* Games_Avatars */ = {
			isa = PBXGroup;
			children = (
				D85B494923CB921400AD6569 /* avatar_jetpack.png */,
			);
			path = Games_Avatars;
			sourceTree = "<group>";
		};
		D8AEA30523A6A43B0006EBDD /* Multiplayer */ = {
			isa = PBXGroup;
			children = (
				D8F0E5F7239E77D800777602 /* VC_MP_GroupList.swift */,
				D823FF4A23AD8A2900CEEFE4 /* VC_MP_JoinGroup.swift */,
				D823FF4C23AE0F6E00CEEFE4 /* VC_MP_Game.swift */,
				D88DA10C23B0C60700D6D9CF /* VC_MP_Menu.swift */,
			);
			path = Multiplayer;
			sourceTree = "<group>";
		};
/* End PBXGroup section */

/* Begin PBXNativeTarget section */
		D80234BA2393F07A00D0B152 /* PressIt */ = {
			isa = PBXNativeTarget;
			buildConfigurationList = D80234E52393F07B00D0B152 /* Build configuration list for PBXNativeTarget "PressIt" */;
			buildPhases = (
				B698094257144CEBA42D4E9A /* [CP] Check Pods Manifest.lock */,
				D80234B72393F07A00D0B152 /* Sources */,
				D80234B82393F07A00D0B152 /* Frameworks */,
				D80234B92393F07A00D0B152 /* Resources */,
				C3B923C855A0E19B0FE98763 /* [CP] Embed Pods Frameworks */,
			);
			buildRules = (
			);
			dependencies = (
			);
			name = PressIt;
			productName = PressIt;
			productReference = D80234BB2393F07A00D0B152 /* TapIt.app */;
			productType = "com.apple.product-type.application";
		};
		D80234D02393F07B00D0B152 /* PressItTests */ = {
			isa = PBXNativeTarget;
			buildConfigurationList = D80234E82393F07B00D0B152 /* Build configuration list for PBXNativeTarget "PressItTests" */;
			buildPhases = (
				D80234CD2393F07B00D0B152 /* Sources */,
				D80234CE2393F07B00D0B152 /* Frameworks */,
				D80234CF2393F07B00D0B152 /* Resources */,
			);
			buildRules = (
			);
			dependencies = (
				D80234D32393F07B00D0B152 /* PBXTargetDependency */,
			);
			name = PressItTests;
			productName = PressItTests;
			productReference = D80234D12393F07B00D0B152 /* PressItTests.xctest */;
			productType = "com.apple.product-type.bundle.unit-test";
		};
		D80234DB2393F07B00D0B152 /* PressItUITests */ = {
			isa = PBXNativeTarget;
			buildConfigurationList = D80234EB2393F07B00D0B152 /* Build configuration list for PBXNativeTarget "PressItUITests" */;
			buildPhases = (
				D80234D82393F07B00D0B152 /* Sources */,
				D80234D92393F07B00D0B152 /* Frameworks */,
				D80234DA2393F07B00D0B152 /* Resources */,
			);
			buildRules = (
			);
			dependencies = (
				D80234DE2393F07B00D0B152 /* PBXTargetDependency */,
			);
			name = PressItUITests;
			productName = PressItUITests;
			productReference = D80234DC2393F07B00D0B152 /* PressItUITests.xctest */;
			productType = "com.apple.product-type.bundle.ui-testing";
		};
/* End PBXNativeTarget section */

/* Begin PBXProject section */
		D80234B32393F07A00D0B152 /* Project object */ = {
			isa = PBXProject;
			attributes = {
				LastSwiftUpdateCheck = 1120;
				LastUpgradeCheck = 1120;
				ORGANIZATIONNAME = "Roe Iton";
				TargetAttributes = {
					D80234BA2393F07A00D0B152 = {
						CreatedOnToolsVersion = 11.2.1;
					};
					D80234D02393F07B00D0B152 = {
						CreatedOnToolsVersion = 11.2.1;
						TestTargetID = D80234BA2393F07A00D0B152;
					};
					D80234DB2393F07B00D0B152 = {
						CreatedOnToolsVersion = 11.2.1;
						TestTargetID = D80234BA2393F07A00D0B152;
					};
				};
			};
			buildConfigurationList = D80234B62393F07A00D0B152 /* Build configuration list for PBXProject "PressIt" */;
			compatibilityVersion = "Xcode 9.3";
			developmentRegion = en;
			hasScannedForEncodings = 0;
			knownRegions = (
				en,
				Base,
			);
			mainGroup = D80234B22393F07A00D0B152;
			productRefGroup = D80234BC2393F07A00D0B152 /* Products */;
			projectDirPath = "";
			projectRoot = "";
			targets = (
				D80234BA2393F07A00D0B152 /* PressIt */,
				D80234D02393F07B00D0B152 /* PressItTests */,
				D80234DB2393F07B00D0B152 /* PressItUITests */,
			);
		};
/* End PBXProject section */

/* Begin PBXResourcesBuildPhase section */
		D80234B92393F07A00D0B152 /* Resources */ = {
			isa = PBXResourcesBuildPhase;
			buildActionMask = 2147483647;
			files = (
				D818252923EDD4C30015010C /* bkg_music.mp3 in Resources */,
				D89A4D4123E4B14A005DB728 /* bkg.png in Resources */,
				D8D336B823A9F697002A3FE7 /* Seravek.ttf in Resources */,
				D89A4D5B23E4BCBE005DB728 /* email_ico.png in Resources */,
				D841068623A97ACD000E3582 /* Roboto-LightItalic.ttf in Resources */,
				D85B494A23CB921500AD6569 /* avatar_jetpack.png in Resources */,
				D80234F82395008300D0B152 /* Main.storyboard in Resources */,
				D80234CB2393F07B00D0B152 /* LaunchScreen.storyboard in Resources */,
				D802352F239543D200D0B152 /* logo_80.png in Resources */,
				D86FC59523DCF7D70040135D /* Logo_TabIt_Launch.png in Resources */,
				D841068A23A97ACD000E3582 /* Roboto-Bold.ttf in Resources */,
				D84D088623D831F000135D5C /* btn_open.png in Resources */,
				D85B494523CB893600AD6569 /* lvl_bar.png in Resources */,
				D818252C23EDD9140015010C /* sound_off.png in Resources */,
				D841068923A97ACD000E3582 /* Roboto-BoldItalic.ttf in Resources */,
				D841066023A96F5E000E3582 /* tap_it_bkg.png in Resources */,
				D8D336AE23A9F58A002A3FE7 /* Seravek-BoldItalic.ttf in Resources */,
				D818252D23EDD9140015010C /* sound_on.png in Resources */,
				D80234C82393F07B00D0B152 /* Assets.xcassets in Resources */,
				D85B494623CB893600AD6569 /* btn_more.png in Resources */,
				D8D336B123A9F58A002A3FE7 /* Seravek-LightItalic.ttf in Resources */,
				D8F741ED2395CF4C00D4A0B9 /* logo_180.png in Resources */,
				D8D344A023DB234200FA5704 /* btn_guest.png in Resources */,
				D80235372395449200D0B152 /* Logo_TabIt.png in Resources */,
				D8D3449B23DB219800FA5704 /* btn_signup.png in Resources */,
				D841068523A97ACD000E3582 /* Roboto-Medium.ttf in Resources */,
				D841068323A97ACD000E3582 /* Roboto-Black.ttf in Resources */,
				D84D088723D831F000135D5C /* btn_classic.png in Resources */,
				D84D087223D7B1F600135D5C /* btn_arcade.png in Resources */,
				D84D088A23D831F000135D5C /* btn_multiplayer.png in Resources */,
				D802630B23A40F79002AFE1B /* Source in Resources */,
				D89A4D4D23E4B597005DB728 /* password_ico.png in Resources */,
				D841068423A97ACD000E3582 /* Roboto-Thin.ttf in Resources */,
				D88DA10923AF956100D6D9CF /* btn_pause_green.png in Resources */,
				D841069523A98400000E3582 /* btn_back_ico.png in Resources */,
				D8B34C032396C8B7008B6DF3 /* btn_Resume.png in Resources */,
				D8CDBEBD23D62D0F000BDF64 /* btn_startover.png in Resources */,
				D841068C23A97ACD000E3582 /* Roboto-Light.ttf in Resources */,
				D8B34C042396C8B7008B6DF3 /* btn_Pause.png in Resources */,
				D841067023A9756F000E3582 /* tap_new_circle.png in Resources */,
				D84D088923D831F000135D5C /* btn_host.png in Resources */,
				D881CE4823DB1078004EFC3E /* bkg_game_iphone10.png in Resources */,
				D8D336B623A9F58A002A3FE7 /* Seravek-Light.ttf in Resources */,
				D8D336B323A9F58A002A3FE7 /* Seravek-Bold.ttf in Resources */,
				D86FC59323DCF5D70040135D /* bkg_iphone10.png in Resources */,
				D8D336B723A9F58A002A3FE7 /* Seravek-ExtraLight.ttf in Resources */,
				D8D336B023A9F58A002A3FE7 /* Seravek-MediumItalic.ttf in Resources */,
				D841067423A97858000E3582 /* circle_tap_new in Resources */,
				D802352E239543D200D0B152 /* logo_60.png in Resources */,
				D8D336B223A9F58A002A3FE7 /* Seravek-Medium.ttf in Resources */,
				D84D088823D831F000135D5C /* btn_join.png in Resources */,
				D841068E23A97ACD000E3582 /* Roboto-Regular.ttf in Resources */,
				D89A4D5723E4B9E3005DB728 /* user_ico.png in Resources */,
				D841068F23A97ACD000E3582 /* Roboto-ThinItalic.ttf in Resources */,
				D85B494123CB893600AD6569 /* lvl_bar_full.png in Resources */,
				D841068723A97ACD000E3582 /* Roboto-MediumItalic.ttf in Resources */,
				D841069123A97D50000E3582 /* menu_btn.png in Resources */,
				D802352A239543D200D0B152 /* logo_58.png in Resources */,
				D841069323A97DD0000E3582 /* btn_menu.png in Resources */,
				D802352C239543D200D0B152 /* logo_87.png in Resources */,
				D85B493523CB290E00AD6569 /* logo_text.png in Resources */,
				D8023529239543D200D0B152 /* logo_40.png in Resources */,
				D8D3449C23DB219800FA5704 /* btn_login.png in Resources */,
				D8D336B423A9F58A002A3FE7 /* Seravek-Italic.ttf in Resources */,
				D841066823A97198000E3582 /* back_icon.png in Resources */,
				D82E473B23D4FBC900731F52 /* bkg_game.png in Resources */,
				D8D336AF23A9F58A002A3FE7 /* Seravek-ExtraLightItalic.ttf in Resources */,
				D841066E23A97317000E3582 /* fuck_bkg.png in Resources */,
				D80234F123941C8E00D0B152 /* Tap_Circle.png in Resources */,
				D841068B23A97ACD000E3582 /* Roboto-Italic.ttf in Resources */,
				D841068823A97ACD000E3582 /* Roboto-BlackItalic.ttf in Resources */,
				D88DA10B23B00EF800D6D9CF /* btn_resume_green.png in Resources */,
				D84D088B23D831F000135D5C /* btn_start.png in Resources */,
				D85B493923CB2A8F00AD6569 /* coin_game.png in Resources */,
				D8F741EE2395CF4C00D4A0B9 /* logo_120.png in Resources */,
			);
			runOnlyForDeploymentPostprocessing = 0;
		};
		D80234CF2393F07B00D0B152 /* Resources */ = {
			isa = PBXResourcesBuildPhase;
			buildActionMask = 2147483647;
			files = (
			);
			runOnlyForDeploymentPostprocessing = 0;
		};
		D80234DA2393F07B00D0B152 /* Resources */ = {
			isa = PBXResourcesBuildPhase;
			buildActionMask = 2147483647;
			files = (
			);
			runOnlyForDeploymentPostprocessing = 0;
		};
/* End PBXResourcesBuildPhase section */

/* Begin PBXShellScriptBuildPhase section */
		B698094257144CEBA42D4E9A /* [CP] Check Pods Manifest.lock */ = {
			isa = PBXShellScriptBuildPhase;
			buildActionMask = 2147483647;
			files = (
			);
			inputFileListPaths = (
			);
			inputPaths = (
				"${PODS_PODFILE_DIR_PATH}/Podfile.lock",
				"${PODS_ROOT}/Manifest.lock",
			);
			name = "[CP] Check Pods Manifest.lock";
			outputFileListPaths = (
			);
			outputPaths = (
				"$(DERIVED_FILE_DIR)/Pods-PressIt-checkManifestLockResult.txt",
			);
			runOnlyForDeploymentPostprocessing = 0;
			shellPath = /bin/sh;
			shellScript = "diff \"${PODS_PODFILE_DIR_PATH}/Podfile.lock\" \"${PODS_ROOT}/Manifest.lock\" > /dev/null\nif [ $? != 0 ] ; then\n    # print error to STDERR\n    echo \"error: The sandbox is not in sync with the Podfile.lock. Run 'pod install' or update your CocoaPods installation.\" >&2\n    exit 1\nfi\n# This output is used by Xcode 'outputs' to avoid re-running this script phase.\necho \"SUCCESS\" > \"${SCRIPT_OUTPUT_FILE_0}\"\n";
			showEnvVarsInLog = 0;
		};
		C3B923C855A0E19B0FE98763 /* [CP] Embed Pods Frameworks */ = {
			isa = PBXShellScriptBuildPhase;
			buildActionMask = 2147483647;
			files = (
			);
			inputFileListPaths = (
				"${PODS_ROOT}/Target Support Files/Pods-PressIt/Pods-PressIt-frameworks-${CONFIGURATION}-input-files.xcfilelist",
			);
			name = "[CP] Embed Pods Frameworks";
			outputFileListPaths = (
				"${PODS_ROOT}/Target Support Files/Pods-PressIt/Pods-PressIt-frameworks-${CONFIGURATION}-output-files.xcfilelist",
			);
			runOnlyForDeploymentPostprocessing = 0;
			shellPath = /bin/sh;
			shellScript = "\"${PODS_ROOT}/Target Support Files/Pods-PressIt/Pods-PressIt-frameworks.sh\"\n";
			showEnvVarsInLog = 0;
		};
/* End PBXShellScriptBuildPhase section */

/* Begin PBXSourcesBuildPhase section */
		D80234B72393F07A00D0B152 /* Sources */ = {
			isa = PBXSourcesBuildPhase;
			buildActionMask = 2147483647;
			files = (
				D80234C32393F07A00D0B152 /* VC_ClassicGame.swift in Sources */,
				D823FF4B23AD8A2900CEEFE4 /* VC_MP_JoinGroup.swift in Sources */,
				D80E99F623CD2E7900AE2706 /* Room.swift in Sources */,
				D80235532395942B00D0B152 /* ClassicGame.swift in Sources */,
				D8F0E5FC239EF75400777602 /* DataManager.swift in Sources */,
				D8F0E5F8239E77D800777602 /* VC_MP_GroupList.swift in Sources */,
				D802630923A40CBC002AFE1B /* ServerConversation.swift in Sources */,
				D89A4D5923E4BB12005DB728 /* VC_Signup.swift in Sources */,
				D80234FA23950F1200D0B152 /* UI_Extensions.swift in Sources */,
				D80234BF2393F07A00D0B152 /* AppDelegate.swift in Sources */,
				D80234C12393F07A00D0B152 /* SceneDelegate.swift in Sources */,
				D8D3449423DB198900FA5704 /* VC_Login.swift in Sources */,
				D82E473D23D50D0A00731F52 /* CircularProgressView.swift in Sources */,
				D8F0E5FA239EF57F00777602 /* MultiplayerGame.swift in Sources */,
				D88DA10D23B0C60700D6D9CF /* VC_MP_Menu.swift in Sources */,
				D8B34BFC2396897E008B6DF3 /* VC_ClassicMenu.swift in Sources */,
				D82F05A223D0F1620050B0D3 /* UI.swift in Sources */,
				D8B34C0A2396CB2A008B6DF3 /* VC_ArcadeGame.swift in Sources */,
				D8CDBEB923D5C817000BDF64 /* SegueFromLeft.swift in Sources */,
				D8B34C082396CAE5008B6DF3 /* ArcadeGame.swift in Sources */,
				D80235002395308E00D0B152 /* VC_Main.swift in Sources */,
				D8B34BFE23969288008B6DF3 /* VC_LBGame.swift in Sources */,
				D80E99F323CD2DCC00AE2706 /* Player.swift in Sources */,
				D8CDBEBB23D5C8DD000BDF64 /* SegueFromRight.swift in Sources */,
				D823FF4D23AE0F6E00CEEFE4 /* VC_MP_Game.swift in Sources */,
			);
			runOnlyForDeploymentPostprocessing = 0;
		};
		D80234CD2393F07B00D0B152 /* Sources */ = {
			isa = PBXSourcesBuildPhase;
			buildActionMask = 2147483647;
			files = (
				D80234D62393F07B00D0B152 /* PressItTests.swift in Sources */,
			);
			runOnlyForDeploymentPostprocessing = 0;
		};
		D80234D82393F07B00D0B152 /* Sources */ = {
			isa = PBXSourcesBuildPhase;
			buildActionMask = 2147483647;
			files = (
				D80234E12393F07B00D0B152 /* PressItUITests.swift in Sources */,
			);
			runOnlyForDeploymentPostprocessing = 0;
		};
/* End PBXSourcesBuildPhase section */

/* Begin PBXTargetDependency section */
		D80234D32393F07B00D0B152 /* PBXTargetDependency */ = {
			isa = PBXTargetDependency;
			target = D80234BA2393F07A00D0B152 /* PressIt */;
			targetProxy = D80234D22393F07B00D0B152 /* PBXContainerItemProxy */;
		};
		D80234DE2393F07B00D0B152 /* PBXTargetDependency */ = {
			isa = PBXTargetDependency;
			target = D80234BA2393F07A00D0B152 /* PressIt */;
			targetProxy = D80234DD2393F07B00D0B152 /* PBXContainerItemProxy */;
		};
/* End PBXTargetDependency section */

/* Begin PBXVariantGroup section */
		D80234C92393F07B00D0B152 /* LaunchScreen.storyboard */ = {
			isa = PBXVariantGroup;
			children = (
				D80234CA2393F07B00D0B152 /* Base */,
			);
			name = LaunchScreen.storyboard;
			sourceTree = "<group>";
		};
		D80234F62395008300D0B152 /* Main.storyboard */ = {
			isa = PBXVariantGroup;
			children = (
				D80234F72395008300D0B152 /* Base */,
			);
			name = Main.storyboard;
			sourceTree = "<group>";
		};
/* End PBXVariantGroup section */

/* Begin XCBuildConfiguration section */
		D80234E32393F07B00D0B152 /* Debug */ = {
			isa = XCBuildConfiguration;
			buildSettings = {
				ALWAYS_SEARCH_USER_PATHS = NO;
				CLANG_ANALYZER_NONNULL = YES;
				CLANG_ANALYZER_NUMBER_OBJECT_CONVERSION = YES_AGGRESSIVE;
				CLANG_CXX_LANGUAGE_STANDARD = "gnu++14";
				CLANG_CXX_LIBRARY = "libc++";
				CLANG_ENABLE_MODULES = YES;
				CLANG_ENABLE_OBJC_ARC = YES;
				CLANG_ENABLE_OBJC_WEAK = YES;
				CLANG_WARN_BLOCK_CAPTURE_AUTORELEASING = YES;
				CLANG_WARN_BOOL_CONVERSION = YES;
				CLANG_WARN_COMMA = YES;
				CLANG_WARN_CONSTANT_CONVERSION = YES;
				CLANG_WARN_DEPRECATED_OBJC_IMPLEMENTATIONS = YES;
				CLANG_WARN_DIRECT_OBJC_ISA_USAGE = YES_ERROR;
				CLANG_WARN_DOCUMENTATION_COMMENTS = YES;
				CLANG_WARN_EMPTY_BODY = YES;
				CLANG_WARN_ENUM_CONVERSION = YES;
				CLANG_WARN_INFINITE_RECURSION = YES;
				CLANG_WARN_INT_CONVERSION = YES;
				CLANG_WARN_NON_LITERAL_NULL_CONVERSION = YES;
				CLANG_WARN_OBJC_IMPLICIT_RETAIN_SELF = YES;
				CLANG_WARN_OBJC_LITERAL_CONVERSION = YES;
				CLANG_WARN_OBJC_ROOT_CLASS = YES_ERROR;
				CLANG_WARN_RANGE_LOOP_ANALYSIS = YES;
				CLANG_WARN_STRICT_PROTOTYPES = YES;
				CLANG_WARN_SUSPICIOUS_MOVE = YES;
				CLANG_WARN_UNGUARDED_AVAILABILITY = YES_AGGRESSIVE;
				CLANG_WARN_UNREACHABLE_CODE = YES;
				CLANG_WARN__DUPLICATE_METHOD_MATCH = YES;
				COPY_PHASE_STRIP = NO;
				DEBUG_INFORMATION_FORMAT = dwarf;
				ENABLE_STRICT_OBJC_MSGSEND = YES;
				ENABLE_TESTABILITY = YES;
				GCC_C_LANGUAGE_STANDARD = gnu11;
				GCC_DYNAMIC_NO_PIC = NO;
				GCC_NO_COMMON_BLOCKS = YES;
				GCC_OPTIMIZATION_LEVEL = 0;
				GCC_PREPROCESSOR_DEFINITIONS = (
					"DEBUG=1",
					"$(inherited)",
				);
				GCC_WARN_64_TO_32_BIT_CONVERSION = YES;
				GCC_WARN_ABOUT_RETURN_TYPE = YES_ERROR;
				GCC_WARN_UNDECLARED_SELECTOR = YES;
				GCC_WARN_UNINITIALIZED_AUTOS = YES_AGGRESSIVE;
				GCC_WARN_UNUSED_FUNCTION = YES;
				GCC_WARN_UNUSED_VARIABLE = YES;
				IPHONEOS_DEPLOYMENT_TARGET = 13.2;
				MTL_ENABLE_DEBUG_INFO = INCLUDE_SOURCE;
				MTL_FAST_MATH = YES;
				ONLY_ACTIVE_ARCH = YES;
				SDKROOT = iphoneos;
				SWIFT_ACTIVE_COMPILATION_CONDITIONS = DEBUG;
				SWIFT_OPTIMIZATION_LEVEL = "-Onone";
			};
			name = Debug;
		};
		D80234E42393F07B00D0B152 /* Release */ = {
			isa = XCBuildConfiguration;
			buildSettings = {
				ALWAYS_SEARCH_USER_PATHS = NO;
				CLANG_ANALYZER_NONNULL = YES;
				CLANG_ANALYZER_NUMBER_OBJECT_CONVERSION = YES_AGGRESSIVE;
				CLANG_CXX_LANGUAGE_STANDARD = "gnu++14";
				CLANG_CXX_LIBRARY = "libc++";
				CLANG_ENABLE_MODULES = YES;
				CLANG_ENABLE_OBJC_ARC = YES;
				CLANG_ENABLE_OBJC_WEAK = YES;
				CLANG_WARN_BLOCK_CAPTURE_AUTORELEASING = YES;
				CLANG_WARN_BOOL_CONVERSION = YES;
				CLANG_WARN_COMMA = YES;
				CLANG_WARN_CONSTANT_CONVERSION = YES;
				CLANG_WARN_DEPRECATED_OBJC_IMPLEMENTATIONS = YES;
				CLANG_WARN_DIRECT_OBJC_ISA_USAGE = YES_ERROR;
				CLANG_WARN_DOCUMENTATION_COMMENTS = YES;
				CLANG_WARN_EMPTY_BODY = YES;
				CLANG_WARN_ENUM_CONVERSION = YES;
				CLANG_WARN_INFINITE_RECURSION = YES;
				CLANG_WARN_INT_CONVERSION = YES;
				CLANG_WARN_NON_LITERAL_NULL_CONVERSION = YES;
				CLANG_WARN_OBJC_IMPLICIT_RETAIN_SELF = YES;
				CLANG_WARN_OBJC_LITERAL_CONVERSION = YES;
				CLANG_WARN_OBJC_ROOT_CLASS = YES_ERROR;
				CLANG_WARN_RANGE_LOOP_ANALYSIS = YES;
				CLANG_WARN_STRICT_PROTOTYPES = YES;
				CLANG_WARN_SUSPICIOUS_MOVE = YES;
				CLANG_WARN_UNGUARDED_AVAILABILITY = YES_AGGRESSIVE;
				CLANG_WARN_UNREACHABLE_CODE = YES;
				CLANG_WARN__DUPLICATE_METHOD_MATCH = YES;
				COPY_PHASE_STRIP = NO;
				DEBUG_INFORMATION_FORMAT = "dwarf-with-dsym";
				ENABLE_NS_ASSERTIONS = NO;
				ENABLE_STRICT_OBJC_MSGSEND = YES;
				GCC_C_LANGUAGE_STANDARD = gnu11;
				GCC_NO_COMMON_BLOCKS = YES;
				GCC_WARN_64_TO_32_BIT_CONVERSION = YES;
				GCC_WARN_ABOUT_RETURN_TYPE = YES_ERROR;
				GCC_WARN_UNDECLARED_SELECTOR = YES;
				GCC_WARN_UNINITIALIZED_AUTOS = YES_AGGRESSIVE;
				GCC_WARN_UNUSED_FUNCTION = YES;
				GCC_WARN_UNUSED_VARIABLE = YES;
				IPHONEOS_DEPLOYMENT_TARGET = 13.2;
				MTL_ENABLE_DEBUG_INFO = NO;
				MTL_FAST_MATH = YES;
				SDKROOT = iphoneos;
				SWIFT_COMPILATION_MODE = wholemodule;
				SWIFT_OPTIMIZATION_LEVEL = "-O";
				VALIDATE_PRODUCT = YES;
			};
			name = Release;
		};
		D80234E62393F07B00D0B152 /* Debug */ = {
			isa = XCBuildConfiguration;
			baseConfigurationReference = C89F2078FF319F67474C5DD3 /* Pods-PressIt.debug.xcconfig */;
			buildSettings = {
				ASSETCATALOG_COMPILER_APPICON_NAME = AppIcon;
				CODE_SIGN_STYLE = Automatic;
				DEVELOPMENT_TEAM = P7R64KN43A;
				INFOPLIST_FILE = PressIt/Info.plist;
				LD_RUNPATH_SEARCH_PATHS = (
					"$(inherited)",
					"@executable_path/Frameworks",
				);
				PRODUCT_BUNDLE_IDENTIFIER = com.iton.TapIt;
				PRODUCT_NAME = TapIt;
				SWIFT_OBJC_BRIDGING_HEADER = "PressIt/PressIt-Bridging-Header.h";
				"SWIFT_OBJC_BRIDGING_HEADER[arch=*]" = "";
				SWIFT_VERSION = 5.0;
				TARGETED_DEVICE_FAMILY = "1,2";
			};
			name = Debug;
		};
		D80234E72393F07B00D0B152 /* Release */ = {
			isa = XCBuildConfiguration;
			baseConfigurationReference = 6553B2F85561652D3A004676 /* Pods-PressIt.release.xcconfig */;
			buildSettings = {
				ASSETCATALOG_COMPILER_APPICON_NAME = AppIcon;
				CODE_SIGN_STYLE = Automatic;
				DEVELOPMENT_TEAM = P7R64KN43A;
				INFOPLIST_FILE = PressIt/Info.plist;
				LD_RUNPATH_SEARCH_PATHS = (
					"$(inherited)",
					"@executable_path/Frameworks",
				);
				PRODUCT_BUNDLE_IDENTIFIER = com.iton.TapIt;
				PRODUCT_NAME = TapIt;
				SWIFT_OBJC_BRIDGING_HEADER = "PressIt/PressIt-Bridging-Header.h";
				SWIFT_VERSION = 5.0;
				TARGETED_DEVICE_FAMILY = "1,2";
			};
			name = Release;
		};
		D80234E92393F07B00D0B152 /* Debug */ = {
			isa = XCBuildConfiguration;
			buildSettings = {
				ALWAYS_EMBED_SWIFT_STANDARD_LIBRARIES = YES;
				BUNDLE_LOADER = "$(TEST_HOST)";
				CODE_SIGN_STYLE = Automatic;
				DEVELOPMENT_TEAM = P7R64KN43A;
				INFOPLIST_FILE = PressItTests/Info.plist;
				IPHONEOS_DEPLOYMENT_TARGET = 13.2;
				LD_RUNPATH_SEARCH_PATHS = (
					"$(inherited)",
					"@executable_path/Frameworks",
					"@loader_path/Frameworks",
				);
				PRODUCT_BUNDLE_IDENTIFIER = com.iton.PressItTests;
				PRODUCT_NAME = "$(TARGET_NAME)";
				SWIFT_VERSION = 5.0;
				TARGETED_DEVICE_FAMILY = "1,2";
				TEST_HOST = "$(BUILT_PRODUCTS_DIR)/PressIt.app/PressIt";
			};
			name = Debug;
		};
		D80234EA2393F07B00D0B152 /* Release */ = {
			isa = XCBuildConfiguration;
			buildSettings = {
				ALWAYS_EMBED_SWIFT_STANDARD_LIBRARIES = YES;
				BUNDLE_LOADER = "$(TEST_HOST)";
				CODE_SIGN_STYLE = Automatic;
				DEVELOPMENT_TEAM = P7R64KN43A;
				INFOPLIST_FILE = PressItTests/Info.plist;
				IPHONEOS_DEPLOYMENT_TARGET = 13.2;
				LD_RUNPATH_SEARCH_PATHS = (
					"$(inherited)",
					"@executable_path/Frameworks",
					"@loader_path/Frameworks",
				);
				PRODUCT_BUNDLE_IDENTIFIER = com.iton.PressItTests;
				PRODUCT_NAME = "$(TARGET_NAME)";
				SWIFT_VERSION = 5.0;
				TARGETED_DEVICE_FAMILY = "1,2";
				TEST_HOST = "$(BUILT_PRODUCTS_DIR)/PressIt.app/PressIt";
			};
			name = Release;
		};
		D80234EC2393F07B00D0B152 /* Debug */ = {
			isa = XCBuildConfiguration;
			buildSettings = {
				ALWAYS_EMBED_SWIFT_STANDARD_LIBRARIES = YES;
				CODE_SIGN_STYLE = Automatic;
				DEVELOPMENT_TEAM = P7R64KN43A;
				INFOPLIST_FILE = PressItUITests/Info.plist;
				LD_RUNPATH_SEARCH_PATHS = (
					"$(inherited)",
					"@executable_path/Frameworks",
					"@loader_path/Frameworks",
				);
				PRODUCT_BUNDLE_IDENTIFIER = com.iton.PressItUITests;
				PRODUCT_NAME = "$(TARGET_NAME)";
				SWIFT_VERSION = 5.0;
				TARGETED_DEVICE_FAMILY = "1,2";
				TEST_TARGET_NAME = PressIt;
			};
			name = Debug;
		};
		D80234ED2393F07B00D0B152 /* Release */ = {
			isa = XCBuildConfiguration;
			buildSettings = {
				ALWAYS_EMBED_SWIFT_STANDARD_LIBRARIES = YES;
				CODE_SIGN_STYLE = Automatic;
				DEVELOPMENT_TEAM = P7R64KN43A;
				INFOPLIST_FILE = PressItUITests/Info.plist;
				LD_RUNPATH_SEARCH_PATHS = (
					"$(inherited)",
					"@executable_path/Frameworks",
					"@loader_path/Frameworks",
				);
				PRODUCT_BUNDLE_IDENTIFIER = com.iton.PressItUITests;
				PRODUCT_NAME = "$(TARGET_NAME)";
				SWIFT_VERSION = 5.0;
				TARGETED_DEVICE_FAMILY = "1,2";
				TEST_TARGET_NAME = PressIt;
			};
			name = Release;
		};
/* End XCBuildConfiguration section */

/* Begin XCConfigurationList section */
		D80234B62393F07A00D0B152 /* Build configuration list for PBXProject "PressIt" */ = {
			isa = XCConfigurationList;
			buildConfigurations = (
				D80234E32393F07B00D0B152 /* Debug */,
				D80234E42393F07B00D0B152 /* Release */,
			);
			defaultConfigurationIsVisible = 0;
			defaultConfigurationName = Release;
		};
		D80234E52393F07B00D0B152 /* Build configuration list for PBXNativeTarget "PressIt" */ = {
			isa = XCConfigurationList;
			buildConfigurations = (
				D80234E62393F07B00D0B152 /* Debug */,
				D80234E72393F07B00D0B152 /* Release */,
			);
			defaultConfigurationIsVisible = 0;
			defaultConfigurationName = Release;
		};
		D80234E82393F07B00D0B152 /* Build configuration list for PBXNativeTarget "PressItTests" */ = {
			isa = XCConfigurationList;
			buildConfigurations = (
				D80234E92393F07B00D0B152 /* Debug */,
				D80234EA2393F07B00D0B152 /* Release */,
			);
			defaultConfigurationIsVisible = 0;
			defaultConfigurationName = Release;
		};
		D80234EB2393F07B00D0B152 /* Build configuration list for PBXNativeTarget "PressItUITests" */ = {
			isa = XCConfigurationList;
			buildConfigurations = (
				D80234EC2393F07B00D0B152 /* Debug */,
				D80234ED2393F07B00D0B152 /* Release */,
			);
			defaultConfigurationIsVisible = 0;
			defaultConfigurationName = Release;
		};
/* End XCConfigurationList section */
	};
	rootObject = D80234B32393F07A00D0B152 /* Project object */;
}
